
Microsoft Visual Studio Solution File, Format Version 12.00
# Visual Studio 15
VisualStudioVersion = 15.0.27004.2005
MinimumVisualStudioVersion = 10.0.40219.1
Project("{FAE04EC0-301F-11D3-BF4B-00C04F79EFBC}") = "openkore_manager", "openkore_manager\openkore_manager.csproj", "{CE1EE01C-2F5B-4B39-9503-18E13F529805}"
EndProject
Global
	GlobalSection(SolutionConfigurationPlatforms) = preSolution
		Debug|Any CPU = Debug|Any CPU
		Release|Any CPU = Release|Any CPU
	EndGlobalSection
	GlobalSection(ProjectConfigurationPlatforms) = postSolution
		{CE1EE01C-2F5B-4B39-9503-18E13F529805}.Debug|Any CPU.ActiveCfg = Debug|Any CPU
		{CE1EE01C-2F5B-4B39-9503-18E13F529805}.Debug|Any CPU.Build.0 = Debug|Any CPU
		{CE1EE01C-2F5B-4B39-9503-18E13F529805}.Release|Any CPU.ActiveCfg = Release|Any CPU
		{CE1EE01C-2F5B-4B39-9503-18E13F529805}.Release|Any CPU.Build.0 = Release|Any CPU
	EndGlobalSection
	GlobalSection(SolutionProperties) = preSolution
		HideSolutionNode = FALSE
	EndGlobalSection
	GlobalSection(ExtensibilityGlobals) = postSolution
		SolutionGuid = {74736533-D2CD-4EFE-8D8A-3B5523A62BCD}
	EndGlobalSection
EndGlobal
